// !$*UTF8*$!
{
	archiveVersion = 1;
	classes = {
	};
	objectVersion = 77;
	objects = {

/* Begin PBXBuildFile section */
		AB9F6BB82E020BA200D2FE45 /* APICaller in Frameworks */ = {isa = PBXBuildFile; productRef = AB9F6BB72E020BA200D2FE45 /* APICaller */; };
/* End PBXBuildFile section */

/* Begin PBXContainerItemProxy section */
		AB9F6B302E00C5C500D2FE45 /* PBXContainerItemProxy */ = {
			isa = PBXContainerItemProxy;
			containerPortal = AB9F6B112E00C5C400D2FE45 /* Project object */;
			proxyType = 1;
			remoteGlobalIDString = AB9F6B182E00C5C400D2FE45;
			remoteInfo = Lydia;
		};
/* End PBXContainerItemProxy section */

/* Begin PBXFileReference section */
		AB9F6B192E00C5C400D2FE45 /* Lydia.app */ = {isa = PBXFileReference; explicitFileType = wrapper.application; includeInIndex = 0; path = Lydia.app; sourceTree = BUILT_PRODUCTS_DIR; };
		AB9F6B2F2E00C5C500D2FE45 /* LydiaTests.xctest */ = {isa = PBXFileReference; explicitFileType = wrapper.cfbundle; includeInIndex = 0; path = LydiaTests.xctest; sourceTree = BUILT_PRODUCTS_DIR; };
/* End PBXFileReference section */

/* Begin PBXFileSystemSynchronizedBuildFileExceptionSet section */
		AB9F6B412E00C5C500D2FE45 /* Exceptions for "Lydia" folder in "Lydia" target */ = {
			isa = PBXFileSystemSynchronizedBuildFileExceptionSet;
			membershipExceptions = (
				Info.plist,
			);
			target = AB9F6B182E00C5C400D2FE45 /* Lydia */;
		};
/* End PBXFileSystemSynchronizedBuildFileExceptionSet section */

/* Begin PBXFileSystemSynchronizedRootGroup section */
		AB9F6B1B2E00C5C400D2FE45 /* Lydia */ = {
			isa = PBXFileSystemSynchronizedRootGroup;
			exceptions = (
				AB9F6B412E00C5C500D2FE45 /* Exceptions for "Lydia" folder in "Lydia" target */,
			);
			path = Lydia;
			sourceTree = "<group>";
		};
		AB9F6B322E00C5C500D2FE45 /* LydiaTests */ = {
			isa = PBXFileSystemSynchronizedRootGroup;
			path = LydiaTests;
			sourceTree = "<group>";
		};
/* End PBXFileSystemSynchronizedRootGroup section */

/* Begin PBXFrameworksBuildPhase section */
		AB9F6B162E00C5C400D2FE45 /* Frameworks */ = {
			isa = PBXFrameworksBuildPhase;
			buildActionMask = 2147483647;
			files = (
				AB9F6BB82E020BA200D2FE45 /* APICaller in Frameworks */,
			);
			runOnlyForDeploymentPostprocessing = 0;
		};
		AB9F6B2C2E00C5C500D2FE45 /* Frameworks */ = {
			isa = PBXFrameworksBuildPhase;
			buildActionMask = 2147483647;
			files = (
			);
			runOnlyForDeploymentPostprocessing = 0;
		};
/* End PBXFrameworksBuildPhase section */

/* Begin PBXGroup section */
		AB9F6B102E00C5C400D2FE45 = {
			isa = PBXGroup;
			children = (
				AB9F6B1B2E00C5C400D2FE45 /* Lydia */,
				AB9F6B322E00C5C500D2FE45 /* LydiaTests */,
				AB9F6BB62E020BA200D2FE45 /* Frameworks */,
				AB9F6B1A2E00C5C400D2FE45 /* Products */,
			);
			sourceTree = "<group>";
		};
		AB9F6B1A2E00C5C400D2FE45 /* Products */ = {
			isa = PBXGroup;
			children = (
				AB9F6B192E00C5C400D2FE45 /* Lydia.app */,
				AB9F6B2F2E00C5C500D2FE45 /* LydiaTests.xctest */,
			);
			name = Products;
			sourceTree = "<group>";
		};
		AB9F6BB62E020BA200D2FE45 /* Frameworks */ = {
			isa = PBXGroup;
			children = (
			);
			name = Frameworks;
			sourceTree = "<group>";
		};
/* End PBXGroup section */

/* Begin PBXNativeTarget section */
		AB9F6B182E00C5C400D2FE45 /* Lydia */ = {
			isa = PBXNativeTarget;
			buildConfigurationList = AB9F6B422E00C5C500D2FE45 /* Build configuration list for PBXNativeTarget "Lydia" */;
			buildPhases = (
				AB9F6B152E00C5C400D2FE45 /* Sources */,
				AB9F6B162E00C5C400D2FE45 /* Frameworks */,
				AB9F6B172E00C5C400D2FE45 /* Resources */,
			);
			buildRules = (
			);
			dependencies = (
			);
			fileSystemSynchronizedGroups = (
				AB9F6B1B2E00C5C400D2FE45 /* Lydia */,
			);
			name = Lydia;
			packageProductDependencies = (
				AB9F6BB72E020BA200D2FE45 /* APICaller */,
			);
			productName = Lydia;
			productReference = AB9F6B192E00C5C400D2FE45 /* Lydia.app */;
			productType = "com.apple.product-type.application";
		};
		AB9F6B2E2E00C5C500D2FE45 /* LydiaTests */ = {
			isa = PBXNativeTarget;
			buildConfigurationList = AB9F6B472E00C5C500D2FE45 /* Build configuration list for PBXNativeTarget "LydiaTests" */;
			buildPhases = (
				AB9F6B2B2E00C5C500D2FE45 /* Sources */,
				AB9F6B2C2E00C5C500D2FE45 /* Frameworks */,
				AB9F6B2D2E00C5C500D2FE45 /* Resources */,
			);
			buildRules = (
			);
			dependencies = (
				AB9F6B312E00C5C500D2FE45 /* PBXTargetDependency */,
			);
			fileSystemSynchronizedGroups = (
				AB9F6B322E00C5C500D2FE45 /* LydiaTests */,
			);
			name = LydiaTests;
			packageProductDependencies = (
			);
			productName = LydiaTests;
			productReference = AB9F6B2F2E00C5C500D2FE45 /* LydiaTests.xctest */;
			productType = "com.apple.product-type.bundle.unit-test";
		};
/* End PBXNativeTarget section */

/* Begin PBXProject section */
		AB9F6B112E00C5C400D2FE45 /* Project object */ = {
			isa = PBXProject;
			attributes = {
				BuildIndependentTargetsInParallel = 1;
				LastSwiftUpdateCheck = 1610;
				LastUpgradeCheck = 1610;
				TargetAttributes = {
					AB9F6B182E00C5C400D2FE45 = {
						CreatedOnToolsVersion = 16.1;
					};
					AB9F6B2E2E00C5C500D2FE45 = {
						CreatedOnToolsVersion = 16.1;
						TestTargetID = AB9F6B182E00C5C400D2FE45;
					};
				};
			};
			buildConfigurationList = AB9F6B142E00C5C400D2FE45 /* Build configuration list for PBXProject "Lydia" */;
			developmentRegion = en;
			hasScannedForEncodings = 0;
			knownRegions = (
				en,
				Base,
			);
			mainGroup = AB9F6B102E00C5C400D2FE45;
			minimizedProjectReferenceProxies = 1;
			packageReferences = (
				AB9F6BB52E02090700D2FE45 /* XCLocalSwiftPackageReference "../APICaller" */,
			);
			preferredProjectObjectVersion = 77;
			productRefGroup = AB9F6B1A2E00C5C400D2FE45 /* Products */;
			projectDirPath = "";
			projectRoot = "";
			targets = (
				AB9F6B182E00C5C400D2FE45 /* Lydia */,
				AB9F6B2E2E00C5C500D2FE45 /* LydiaTests */,
			);
		};
/* End PBXProject section */

/* Begin PBXResourcesBuildPhase section */
		AB9F6B172E00C5C400D2FE45 /* Resources */ = {
			isa = PBXResourcesBuildPhase;
			buildActionMask = 2147483647;
			files = (
			);
			runOnlyForDeploymentPostprocessing = 0;
		};
		AB9F6B2D2E00C5C500D2FE45 /* Resources */ = {
			isa = PBXResourcesBuildPhase;
			buildActionMask = 2147483647;
			files = (
			);
			runOnlyForDeploymentPostprocessing = 0;
		};
/* End PBXResourcesBuildPhase section */

/* Begin PBXSourcesBuildPhase section */
		AB9F6B152E00C5C400D2FE45 /* Sources */ = {
			isa = PBXSourcesBuildPhase;
			buildActionMask = 2147483647;
			files = (
			);
			runOnlyForDeploymentPostprocessing = 0;
		};
		AB9F6B2B2E00C5C500D2FE45 /* Sources */ = {
			isa = PBXSourcesBuildPhase;
			buildActionMask = 2147483647;
			files = (
			);
			runOnlyForDeploymentPostprocessing = 0;
		};
/* End PBXSourcesBuildPhase section */

/* Begin PBXTargetDependency section */
		AB9F6B312E00C5C500D2FE45 /* PBXTargetDependency */ = {
			isa = PBXTargetDependency;
			target = AB9F6B182E00C5C400D2FE45 /* Lydia */;
			targetProxy = AB9F6B302E00C5C500D2FE45 /* PBXContainerItemProxy */;
		};
/* End PBXTargetDependency section */

/* Begin XCBuildConfiguration section */
		AB9F6B432E00C5C500D2FE45 /* Debug */ = {
			isa = XCBuildConfiguration;
			buildSettings = {
				ASSETCATALOG_COMPILER_APPICON_NAME = AppIcon;
				ASSETCATALOG_COMPILER_GLOBAL_ACCENT_COLOR_NAME = AccentColor;
				CODE_SIGN_STYLE = Automatic;
				CURRENT_PROJECT_VERSION = 1;
				GENERATE_INFOPLIST_FILE = YES;
				INFOPLIST_FILE = Lydia/Info.plist;
				INFOPLIST_KEY_UIApplicationSupportsIndirectInputEvents = YES;
				INFOPLIST_KEY_UILaunchStoryboardName = LaunchScreen;
				INFOPLIST_KEY_UISupportedInterfaceOrientations_iPad = "UIInterfaceOrientationPortrait UIInterfaceOrientationPortraitUpsideDown UIInterfaceOrientationLandscapeLeft UIInterfaceOrientationLandscapeRight";
				INFOPLIST_KEY_UISupportedInterfaceOrientations_iPhone = "UIInterfaceOrientationPortrait UIInterfaceOrientationLandscapeLeft UIInterfaceOrientationLandscapeRight";
				LD_RUNPATH_SEARCH_PATHS = (
					"$(inherited)",
					"@executable_path/Frameworks",
				);
				MARKETING_VERSION = 1.0;
				PRODUCT_BUNDLE_IDENTIFIER = com.test.lydia.Lydia;
				PRODUCT_NAME = "$(TARGET_NAME)";
				SWIFT_EMIT_LOC_STRINGS = YES;
				SWIFT_VERSION = 5.0;
				TARGETED_DEVICE_FAMILY = "1,2";
			};
			name = Debug;
		};
		AB9F6B442E00C5C500D2FE45 /* Release */ = {
			isa = XCBuildConfiguration;
			buildSettings = {
				ASSETCATALOG_COMPILER_APPICON_NAME = AppIcon;
				ASSETCATALOG_COMPILER_GLOBAL_ACCENT_COLOR_NAME = AccentColor;
				CODE_SIGN_STYLE = Automatic;
				CURRENT_PROJECT_VERSION = 1;
				GENERATE_INFOPLIST_FILE = YES;
				INFOPLIST_FILE = Lydia/Info.plist;
				INFOPLIST_KEY_UIApplicationSupportsIndirectInputEvents = YES;
				INFOPLIST_KEY_UILaunchStoryboardName = LaunchScreen;
				INFOPLIST_KEY_UISupportedInterfaceOrientations_iPad = "UIInterfaceOrientationPortrait UIInterfaceOrientationPortraitUpsideDown UIInterfaceOrientationLandscapeLeft UIInterfaceOrientationLandscapeRight";
				INFOPLIST_KEY_UISupportedInterfaceOrientations_iPhone = "UIInterfaceOrientationPortrait UIInterfaceOrientationLandscapeLeft UIInterfaceOrientationLandscapeRight";
				LD_RUNPATH_SEARCH_PATHS = (
					"$(inherited)",
					"@executable_path/Frameworks",
				);
				MARKETING_VERSION = 1.0;
				PRODUCT_BUNDLE_IDENTIFIER = com.test.lydia.Lydia;
				PRODUCT_NAME = "$(TARGET_NAME)";
				SWIFT_EMIT_LOC_STRINGS = YES;
				SWIFT_VERSION = 5.0;
				TARGETED_DEVICE_FAMILY = "1,2";
			};
			name = Release;
		};
		AB9F6B452E00C5C500D2FE45 /* Debug */ = {
			isa = XCBuildConfiguration;
			buildSettings = {
				ALWAYS_SEARCH_USER_PATHS = NO;
				ASSETCATALOG_COMPILER_GENERATE_SWIFT_ASSET_SYMBOL_EXTENSIONS = YES;
				CLANG_ANALYZER_NONNULL = YES;
				CLANG_ANALYZER_NUMBER_OBJECT_CONVERSION = YES_AGGRESSIVE;
				CLANG_CXX_LANGUAGE_STANDARD = "gnu++20";
				CLANG_ENABLE_MODULES = YES;
				CLANG_ENABLE_OBJC_ARC = YES;
				CLANG_ENABLE_OBJC_WEAK = YES;
				CLANG_WARN_BLOCK_CAPTURE_AUTORELEASING = YES;
				CLANG_WARN_BOOL_CONVERSION = YES;
				CLANG_WARN_COMMA = YES;
				CLANG_WARN_CONSTANT_CONVERSION = YES;
				CLANG_WARN_DEPRECATED_OBJC_IMPLEMENTATIONS = YES;
				CLANG_WARN_DIRECT_OBJC_ISA_USAGE = YES_ERROR;
				CLANG_WARN_DOCUMENTATION_COMMENTS = YES;
				CLANG_WARN_EMPTY_BODY = YES;
				CLANG_WARN_ENUM_CONVERSION = YES;
				CLANG_WARN_INFINITE_RECURSION = YES;
				CLANG_WARN_INT_CONVERSION = YES;
				CLANG_WARN_NON_LITERAL_NULL_CONVERSION = YES;
				CLANG_WARN_OBJC_IMPLICIT_RETAIN_SELF = YES;
				CLANG_WARN_OBJC_LITERAL_CONVERSION = YES;
				CLANG_WARN_OBJC_ROOT_CLASS = YES_ERROR;
				CLANG_WARN_QUOTED_INCLUDE_IN_FRAMEWORK_HEADER = YES;
				CLANG_WARN_RANGE_LOOP_ANALYSIS = YES;
				CLANG_WARN_STRICT_PROTOTYPES = YES;
				CLANG_WARN_SUSPICIOUS_MOVE = YES;
				CLANG_WARN_UNGUARDED_AVAILABILITY = YES_AGGRESSIVE;
				CLANG_WARN_UNREACHABLE_CODE = YES;
				CLANG_WARN__DUPLICATE_METHOD_MATCH = YES;
				COPY_PHASE_STRIP = NO;
				DEBUG_INFORMATION_FORMAT = dwarf;
				ENABLE_STRICT_OBJC_MSGSEND = YES;
				ENABLE_TESTABILITY = YES;
				ENABLE_USER_SCRIPT_SANDBOXING = YES;
				GCC_C_LANGUAGE_STANDARD = gnu17;
				GCC_DYNAMIC_NO_PIC = NO;
				GCC_NO_COMMON_BLOCKS = YES;
				GCC_OPTIMIZATION_LEVEL = 0;
				GCC_PREPROCESSOR_DEFINITIONS = (
					"DEBUG=1",
					"$(inherited)",
				);
				GCC_WARN_64_TO_32_BIT_CONVERSION = YES;
				GCC_WARN_ABOUT_RETURN_TYPE = YES_ERROR;
				GCC_WARN_UNDECLARED_SELECTOR = YES;
				GCC_WARN_UNINITIALIZED_AUTOS = YES_AGGRESSIVE;
				GCC_WARN_UNUSED_FUNCTION = YES;
				GCC_WARN_UNUSED_VARIABLE = YES;
				IPHONEOS_DEPLOYMENT_TARGET = 18.1;
				LOCALIZATION_PREFERS_STRING_CATALOGS = YES;
				MTL_ENABLE_DEBUG_INFO = INCLUDE_SOURCE;
				MTL_FAST_MATH = YES;
				ONLY_ACTIVE_ARCH = YES;
				SDKROOT = iphoneos;
				SWIFT_ACTIVE_COMPILATION_CONDITIONS = "DEBUG $(inherited)";
				SWIFT_OPTIMIZATION_LEVEL = "-Onone";
			};
			name = Debug;
		};
		AB9F6B462E00C5C500D2FE45 /* Release */ = {
			isa = XCBuildConfiguration;
			buildSettings = {
				ALWAYS_SEARCH_USER_PATHS = NO;
				ASSETCATALOG_COMPILER_GENERATE_SWIFT_ASSET_SYMBOL_EXTENSIONS = YES;
				CLANG_ANALYZER_NONNULL = YES;
				CLANG_ANALYZER_NUMBER_OBJECT_CONVERSION = YES_AGGRESSIVE;
				CLANG_CXX_LANGUAGE_STANDARD = "gnu++20";
				CLANG_ENABLE_MODULES = YES;
				CLANG_ENABLE_OBJC_ARC = YES;
				CLANG_ENABLE_OBJC_WEAK = YES;
				CLANG_WARN_BLOCK_CAPTURE_AUTORELEASING = YES;
				CLANG_WARN_BOOL_CONVERSION = YES;
				CLANG_WARN_COMMA = YES;
				CLANG_WARN_CONSTANT_CONVERSION = YES;
				CLANG_WARN_DEPRECATED_OBJC_IMPLEMENTATIONS = YES;
				CLANG_WARN_DIRECT_OBJC_ISA_USAGE = YES_ERROR;
				CLANG_WARN_DOCUMENTATION_COMMENTS = YES;
				CLANG_WARN_EMPTY_BODY = YES;
				CLANG_WARN_ENUM_CONVERSION = YES;
				CLANG_WARN_INFINITE_RECURSION = YES;
				CLANG_WARN_INT_CONVERSION = YES;
				CLANG_WARN_NON_LITERAL_NULL_CONVERSION = YES;
				CLANG_WARN_OBJC_IMPLICIT_RETAIN_SELF = YES;
				CLANG_WARN_OBJC_LITERAL_CONVERSION = YES;
				CLANG_WARN_OBJC_ROOT_CLASS = YES_ERROR;
				CLANG_WARN_QUOTED_INCLUDE_IN_FRAMEWORK_HEADER = YES;
				CLANG_WARN_RANGE_LOOP_ANALYSIS = YES;
				CLANG_WARN_STRICT_PROTOTYPES = YES;
				CLANG_WARN_SUSPICIOUS_MOVE = YES;
				CLANG_WARN_UNGUARDED_AVAILABILITY = YES_AGGRESSIVE;
				CLANG_WARN_UNREACHABLE_CODE = YES;
				CLANG_WARN__DUPLICATE_METHOD_MATCH = YES;
				COPY_PHASE_STRIP = NO;
				DEBUG_INFORMATION_FORMAT = "dwarf-with-dsym";
				ENABLE_NS_ASSERTIONS = NO;
				ENABLE_STRICT_OBJC_MSGSEND = YES;
				ENABLE_USER_SCRIPT_SANDBOXING = YES;
				GCC_C_LANGUAGE_STANDARD = gnu17;
				GCC_NO_COMMON_BLOCKS = YES;
				GCC_WARN_64_TO_32_BIT_CONVERSION = YES;
				GCC_WARN_ABOUT_RETURN_TYPE = YES_ERROR;
				GCC_WARN_UNDECLARED_SELECTOR = YES;
				GCC_WARN_UNINITIALIZED_AUTOS = YES_AGGRESSIVE;
				GCC_WARN_UNUSED_FUNCTION = YES;
				GCC_WARN_UNUSED_VARIABLE = YES;
				IPHONEOS_DEPLOYMENT_TARGET = 18.1;
				LOCALIZATION_PREFERS_STRING_CATALOGS = YES;
				MTL_ENABLE_DEBUG_INFO = NO;
				MTL_FAST_MATH = YES;
				SDKROOT = iphoneos;
				SWIFT_COMPILATION_MODE = wholemodule;
				VALIDATE_PRODUCT = YES;
			};
			name = Release;
		};
		AB9F6B482E00C5C500D2FE45 /* Debug */ = {
			isa = XCBuildConfiguration;
			buildSettings = {
				BUNDLE_LOADER = "$(TEST_HOST)";
				CODE_SIGN_STYLE = Automatic;
				CURRENT_PROJECT_VERSION = 1;
				GENERATE_INFOPLIST_FILE = YES;
				IPHONEOS_DEPLOYMENT_TARGET = 18.1;
				MARKETING_VERSION = 1.0;
				PRODUCT_BUNDLE_IDENTIFIER = com.test.lydia.LydiaTests;
				PRODUCT_NAME = "$(TARGET_NAME)";
				SWIFT_EMIT_LOC_STRINGS = NO;
				SWIFT_VERSION = 5.0;
				TARGETED_DEVICE_FAMILY = "1,2";
				TEST_HOST = "$(BUILT_PRODUCTS_DIR)/Lydia.app/$(BUNDLE_EXECUTABLE_FOLDER_PATH)/Lydia";
			};
			name = Debug;
		};
		AB9F6B492E00C5C500D2FE45 /* Release */ = {
			isa = XCBuildConfiguration;
			buildSettings = {
				BUNDLE_LOADER = "$(TEST_HOST)";
				CODE_SIGN_STYLE = Automatic;
				CURRENT_PROJECT_VERSION = 1;
				GENERATE_INFOPLIST_FILE = YES;
				IPHONEOS_DEPLOYMENT_TARGET = 18.1;
				MARKETING_VERSION = 1.0;
				PRODUCT_BUNDLE_IDENTIFIER = com.test.lydia.LydiaTests;
				PRODUCT_NAME = "$(TARGET_NAME)";
				SWIFT_EMIT_LOC_STRINGS = NO;
				SWIFT_VERSION = 5.0;
				TARGETED_DEVICE_FAMILY = "1,2";
				TEST_HOST = "$(BUILT_PRODUCTS_DIR)/Lydia.app/$(BUNDLE_EXECUTABLE_FOLDER_PATH)/Lydia";
			};
			name = Release;
		};
/* End XCBuildConfiguration section */

/* Begin XCConfigurationList section */
		AB9F6B142E00C5C400D2FE45 /* Build configuration list for PBXProject "Lydia" */ = {
			isa = XCConfigurationList;
			buildConfigurations = (
				AB9F6B452E00C5C500D2FE45 /* Debug */,
				AB9F6B462E00C5C500D2FE45 /* Release */,
			);
			defaultConfigurationIsVisible = 0;
			defaultConfigurationName = Release;
		};
		AB9F6B422E00C5C500D2FE45 /* Build configuration list for PBXNativeTarget "Lydia" */ = {
			isa = XCConfigurationList;
			buildConfigurations = (
				AB9F6B432E00C5C500D2FE45 /* Debug */,
				AB9F6B442E00C5C500D2FE45 /* Release */,
			);
			defaultConfigurationIsVisible = 0;
			defaultConfigurationName = Release;
		};
		AB9F6B472E00C5C500D2FE45 /* Build configuration list for PBXNativeTarget "LydiaTests" */ = {
			isa = XCConfigurationList;
			buildConfigurations = (
				AB9F6B482E00C5C500D2FE45 /* Debug */,
				AB9F6B492E00C5C500D2FE45 /* Release */,
			);
			defaultConfigurationIsVisible = 0;
			defaultConfigurationName = Release;
		};
/* End XCConfigurationList section */

/* Begin XCLocalSwiftPackageReference section */
		AB9F6BB52E02090700D2FE45 /* XCLocalSwiftPackageReference "../APICaller" */ = {
			isa = XCLocalSwiftPackageReference;
			relativePath = ../APICaller;
		};
/* End XCLocalSwiftPackageReference section */

/* Begin XCSwiftPackageProductDependency section */
		AB9F6BB72E020BA200D2FE45 /* APICaller */ = {
			isa = XCSwiftPackageProductDependency;
			package = AB9F6BB52E02090700D2FE45 /* XCLocalSwiftPackageReference "../APICaller" */;
			productName = APICaller;
		};
/* End XCSwiftPackageProductDependency section */
	};
	rootObject = AB9F6B112E00C5C400D2FE45 /* Project object */;
}
